
Microsoft Visual Studio Solution File, Format Version 12.00
# Visual Studio Version 17
VisualStudioVersion = 17.10.35027.167
MinimumVisualStudioVersion = 10.0.40219.1
Project("{FAE04EC0-301F-11D3-BF4B-00C04F79EFBC}") = "EmilioGuerrero_MiPrimeraAPI", "EmilioGuerrero_MiPrimeraAPI\EmilioGuerrero_MiPrimeraAPI.csproj", "{C59A591C-DD08-493A-A711-F9D0B15A929D}"
EndProject
Global
	GlobalSection(SolutionConfigurationPlatforms) = preSolution
		Debug|Any CPU = Debug|Any CPU
		Release|Any CPU = Release|Any CPU
	EndGlobalSection
	GlobalSection(ProjectConfigurationPlatforms) = postSolution
		{C59A591C-DD08-493A-A711-F9D0B15A929D}.Debug|Any CPU.ActiveCfg = Debug|Any CPU
		{C59A591C-DD08-493A-A711-F9D0B15A929D}.Debug|Any CPU.Build.0 = Debug|Any CPU
		{C59A591C-DD08-493A-A711-F9D0B15A929D}.Release|Any CPU.ActiveCfg = Release|Any CPU
		{C59A591C-DD08-493A-A711-F9D0B15A929D}.Release|Any CPU.Build.0 = Release|Any CPU
	EndGlobalSection
	GlobalSection(SolutionProperties) = preSolution
		HideSolutionNode = FALSE
	EndGlobalSection
	GlobalSection(ExtensibilityGlobals) = postSolution
		SolutionGuid = {FD5C5DA1-6E4E-4188-B42F-B8DE69703266}
	EndGlobalSection
EndGlobal
